{
  "name": "db",
  "version": "1.0.0",
  "lockfileVersion": 1,
  "requires": true,
  "dependencies": {
    "json-server": {
      "version": "0.16.1",
      "resolved": "https://registry.npmjs.org/json-server/-/json-server-0.16.1.tgz",
      "integrity": "sha512-aVUTdpt+X27iIuWuxBChJywykPSP4opEiFrH044pG+34Gde3eHZRTzeMyx8ts5/kY2gK1Ru2YBmF2k/vI0lQug=="
    }
  }
}
